
Microsoft Visual Studio Solution File, Format Version 12.00
# Visual Studio 14
VisualStudioVersion = 14.0.25420.1
MinimumVisualStudioVersion = 10.0.40219.1
Project("{FAE04EC0-301F-11D3-BF4B-00C04F79EFBC}") = "CZE_Desktop", "CZE_Desktop\CZE_Desktop.csproj", "{00A824E6-71B3-4061-B4A7-190F867F4CCE}"
EndProject
Project("{FAE04EC0-301F-11D3-BF4B-00C04F79EFBC}") = "CZE_DAL", "CZE_DAL\CZE_DAL.csproj", "{2B4C8BDB-02F0-4325-8F06-0CA9B390B80E}"
EndProject
Project("{FAE04EC0-301F-11D3-BF4B-00C04F79EFBC}") = "CZE_API", "CZE_API\CZE_API.csproj", "{A08D4197-AD2D-491F-8EB1-2BBAD9683D4B}"
EndProject
Project("{FAE04EC0-301F-11D3-BF4B-00C04F79EFBC}") = "CZE_Mobile", "CZE_Mobile\CZE_Mobile.csproj", "{887D34D8-E6BB-4168-A648-CAA5C59F7A61}"
EndProject
Project("{FAE04EC0-301F-11D3-BF4B-00C04F79EFBC}") = "CZE_PCL", "CZE_PCL\CZE_PCL.csproj", "{1F5E2AD7-AA51-4705-97AD-8AB700A9EDF4}"
EndProject
Global
	GlobalSection(SolutionConfigurationPlatforms) = preSolution
		Debug|Any CPU = Debug|Any CPU
		Debug|ARM = Debug|ARM
		Debug|x86 = Debug|x86
		Release|Any CPU = Release|Any CPU
		Release|ARM = Release|ARM
		Release|x86 = Release|x86
	EndGlobalSection
	GlobalSection(ProjectConfigurationPlatforms) = postSolution
		{00A824E6-71B3-4061-B4A7-190F867F4CCE}.Debug|Any CPU.ActiveCfg = Debug|Any CPU
		{00A824E6-71B3-4061-B4A7-190F867F4CCE}.Debug|Any CPU.Build.0 = Debug|Any CPU
		{00A824E6-71B3-4061-B4A7-190F867F4CCE}.Debug|ARM.ActiveCfg = Debug|Any CPU
		{00A824E6-71B3-4061-B4A7-190F867F4CCE}.Debug|ARM.Build.0 = Debug|Any CPU
		{00A824E6-71B3-4061-B4A7-190F867F4CCE}.Debug|x86.ActiveCfg = Debug|Any CPU
		{00A824E6-71B3-4061-B4A7-190F867F4CCE}.Debug|x86.Build.0 = Debug|Any CPU
		{00A824E6-71B3-4061-B4A7-190F867F4CCE}.Release|Any CPU.ActiveCfg = Release|Any CPU
		{00A824E6-71B3-4061-B4A7-190F867F4CCE}.Release|Any CPU.Build.0 = Release|Any CPU
		{00A824E6-71B3-4061-B4A7-190F867F4CCE}.Release|ARM.ActiveCfg = Release|Any CPU
		{00A824E6-71B3-4061-B4A7-190F867F4CCE}.Release|ARM.Build.0 = Release|Any CPU
		{00A824E6-71B3-4061-B4A7-190F867F4CCE}.Release|x86.ActiveCfg = Release|Any CPU
		{00A824E6-71B3-4061-B4A7-190F867F4CCE}.Release|x86.Build.0 = Release|Any CPU
		{2B4C8BDB-02F0-4325-8F06-0CA9B390B80E}.Debug|Any CPU.ActiveCfg = Debug|Any CPU
		{2B4C8BDB-02F0-4325-8F06-0CA9B390B80E}.Debug|Any CPU.Build.0 = Debug|Any CPU
		{2B4C8BDB-02F0-4325-8F06-0CA9B390B80E}.Debug|ARM.ActiveCfg = Debug|Any CPU
		{2B4C8BDB-02F0-4325-8F06-0CA9B390B80E}.Debug|ARM.Build.0 = Debug|Any CPU
		{2B4C8BDB-02F0-4325-8F06-0CA9B390B80E}.Debug|x86.ActiveCfg = Debug|Any CPU
		{2B4C8BDB-02F0-4325-8F06-0CA9B390B80E}.Debug|x86.Build.0 = Debug|Any CPU
		{2B4C8BDB-02F0-4325-8F06-0CA9B390B80E}.Release|Any CPU.ActiveCfg = Release|Any CPU
		{2B4C8BDB-02F0-4325-8F06-0CA9B390B80E}.Release|Any CPU.Build.0 = Release|Any CPU
		{2B4C8BDB-02F0-4325-8F06-0CA9B390B80E}.Release|ARM.ActiveCfg = Release|Any CPU
		{2B4C8BDB-02F0-4325-8F06-0CA9B390B80E}.Release|ARM.Build.0 = Release|Any CPU
		{2B4C8BDB-02F0-4325-8F06-0CA9B390B80E}.Release|x86.ActiveCfg = Release|Any CPU
		{2B4C8BDB-02F0-4325-8F06-0CA9B390B80E}.Release|x86.Build.0 = Release|Any CPU
		{A08D4197-AD2D-491F-8EB1-2BBAD9683D4B}.Debug|Any CPU.ActiveCfg = Debug|Any CPU
		{A08D4197-AD2D-491F-8EB1-2BBAD9683D4B}.Debug|Any CPU.Build.0 = Debug|Any CPU
		{A08D4197-AD2D-491F-8EB1-2BBAD9683D4B}.Debug|ARM.ActiveCfg = Debug|Any CPU
		{A08D4197-AD2D-491F-8EB1-2BBAD9683D4B}.Debug|ARM.Build.0 = Debug|Any CPU
		{A08D4197-AD2D-491F-8EB1-2BBAD9683D4B}.Debug|x86.ActiveCfg = Debug|Any CPU
		{A08D4197-AD2D-491F-8EB1-2BBAD9683D4B}.Debug|x86.Build.0 = Debug|Any CPU
		{A08D4197-AD2D-491F-8EB1-2BBAD9683D4B}.Release|Any CPU.ActiveCfg = Release|Any CPU
		{A08D4197-AD2D-491F-8EB1-2BBAD9683D4B}.Release|Any CPU.Build.0 = Release|Any CPU
		{A08D4197-AD2D-491F-8EB1-2BBAD9683D4B}.Release|ARM.ActiveCfg = Release|Any CPU
		{A08D4197-AD2D-491F-8EB1-2BBAD9683D4B}.Release|ARM.Build.0 = Release|Any CPU
		{A08D4197-AD2D-491F-8EB1-2BBAD9683D4B}.Release|x86.ActiveCfg = Release|Any CPU
		{A08D4197-AD2D-491F-8EB1-2BBAD9683D4B}.Release|x86.Build.0 = Release|Any CPU
		{887D34D8-E6BB-4168-A648-CAA5C59F7A61}.Debug|Any CPU.ActiveCfg = Debug|Any CPU
		{887D34D8-E6BB-4168-A648-CAA5C59F7A61}.Debug|Any CPU.Build.0 = Debug|Any CPU
		{887D34D8-E6BB-4168-A648-CAA5C59F7A61}.Debug|Any CPU.Deploy.0 = Debug|Any CPU
		{887D34D8-E6BB-4168-A648-CAA5C59F7A61}.Debug|ARM.ActiveCfg = Debug|ARM
		{887D34D8-E6BB-4168-A648-CAA5C59F7A61}.Debug|ARM.Build.0 = Debug|ARM
		{887D34D8-E6BB-4168-A648-CAA5C59F7A61}.Debug|ARM.Deploy.0 = Debug|ARM
		{887D34D8-E6BB-4168-A648-CAA5C59F7A61}.Debug|x86.ActiveCfg = Debug|x86
		{887D34D8-E6BB-4168-A648-CAA5C59F7A61}.Debug|x86.Build.0 = Debug|x86
		{887D34D8-E6BB-4168-A648-CAA5C59F7A61}.Debug|x86.Deploy.0 = Debug|x86
		{887D34D8-E6BB-4168-A648-CAA5C59F7A61}.Release|Any CPU.ActiveCfg = Release|Any CPU
		{887D34D8-E6BB-4168-A648-CAA5C59F7A61}.Release|Any CPU.Build.0 = Release|Any CPU
		{887D34D8-E6BB-4168-A648-CAA5C59F7A61}.Release|Any CPU.Deploy.0 = Release|Any CPU
		{887D34D8-E6BB-4168-A648-CAA5C59F7A61}.Release|ARM.ActiveCfg = Release|ARM
		{887D34D8-E6BB-4168-A648-CAA5C59F7A61}.Release|ARM.Build.0 = Release|ARM
		{887D34D8-E6BB-4168-A648-CAA5C59F7A61}.Release|ARM.Deploy.0 = Release|ARM
		{887D34D8-E6BB-4168-A648-CAA5C59F7A61}.Release|x86.ActiveCfg = Release|x86
		{887D34D8-E6BB-4168-A648-CAA5C59F7A61}.Release|x86.Build.0 = Release|x86
		{887D34D8-E6BB-4168-A648-CAA5C59F7A61}.Release|x86.Deploy.0 = Release|x86
		{1F5E2AD7-AA51-4705-97AD-8AB700A9EDF4}.Debug|Any CPU.ActiveCfg = Debug|Any CPU
		{1F5E2AD7-AA51-4705-97AD-8AB700A9EDF4}.Debug|Any CPU.Build.0 = Debug|Any CPU
		{1F5E2AD7-AA51-4705-97AD-8AB700A9EDF4}.Debug|ARM.ActiveCfg = Debug|Any CPU
		{1F5E2AD7-AA51-4705-97AD-8AB700A9EDF4}.Debug|ARM.Build.0 = Debug|Any CPU
		{1F5E2AD7-AA51-4705-97AD-8AB700A9EDF4}.Debug|x86.ActiveCfg = Debug|Any CPU
		{1F5E2AD7-AA51-4705-97AD-8AB700A9EDF4}.Debug|x86.Build.0 = Debug|Any CPU
		{1F5E2AD7-AA51-4705-97AD-8AB700A9EDF4}.Release|Any CPU.ActiveCfg = Release|Any CPU
		{1F5E2AD7-AA51-4705-97AD-8AB700A9EDF4}.Release|Any CPU.Build.0 = Release|Any CPU
		{1F5E2AD7-AA51-4705-97AD-8AB700A9EDF4}.Release|ARM.ActiveCfg = Release|Any CPU
		{1F5E2AD7-AA51-4705-97AD-8AB700A9EDF4}.Release|ARM.Build.0 = Release|Any CPU
		{1F5E2AD7-AA51-4705-97AD-8AB700A9EDF4}.Release|x86.ActiveCfg = Release|Any CPU
		{1F5E2AD7-AA51-4705-97AD-8AB700A9EDF4}.Release|x86.Build.0 = Release|Any CPU
	EndGlobalSection
	GlobalSection(SolutionProperties) = preSolution
		HideSolutionNode = FALSE
	EndGlobalSection
EndGlobal
